// !$*UTF8*$!
{
	archiveVersion = 1;
	classes = {
	};
	objectVersion = 56;
	objects = {

/* Begin PBXBuildFile section */
		4B24C1E52946411E00A6A06C /* AppDelegate.swift in Sources */ = {isa = PBXBuildFile; fileRef = 4B24C1E42946411E00A6A06C /* AppDelegate.swift */; };
		4B24C1E72946411E00A6A06C /* SceneDelegate.swift in Sources */ = {isa = PBXBuildFile; fileRef = 4B24C1E62946411E00A6A06C /* SceneDelegate.swift */; };
		4B24C1E92946411E00A6A06C /* ViewController.swift in Sources */ = {isa = PBXBuildFile; fileRef = 4B24C1E82946411E00A6A06C /* ViewController.swift */; };
		4B24C1EC2946411E00A6A06C /* Main.storyboard in Resources */ = {isa = PBXBuildFile; fileRef = 4B24C1EA2946411E00A6A06C /* Main.storyboard */; };
		4B24C1EE2946411F00A6A06C /* Assets.xcassets in Resources */ = {isa = PBXBuildFile; fileRef = 4B24C1ED2946411F00A6A06C /* Assets.xcassets */; };
		4B24C1F12946411F00A6A06C /* LaunchScreen.storyboard in Resources */ = {isa = PBXBuildFile; fileRef = 4B24C1EF2946411F00A6A06C /* LaunchScreen.storyboard */; };
		4B24C215294642C400A6A06C /* ZakazTableViewCell.swift in Sources */ = {isa = PBXBuildFile; fileRef = 4B24C214294642C400A6A06C /* ZakazTableViewCell.swift */; };
		4B24C219294644FB00A6A06C /* 2828842.webp in Resources */ = {isa = PBXBuildFile; fileRef = 4B24C218294644FA00A6A06C /* 2828842.webp */; };
		4B24C21B294645C600A6A06C /* ZakazModel.swift in Sources */ = {isa = PBXBuildFile; fileRef = 4B24C21A294645C600A6A06C /* ZakazModel.swift */; };
/* End PBXBuildFile section */

/* Begin PBXContainerItemProxy section */
		4B24C1F82946411F00A6A06C /* PBXContainerItemProxy */ = {
			isa = PBXContainerItemProxy;
			containerPortal = 4B24C1D92946411E00A6A06C /* Project object */;
			proxyType = 1;
			remoteGlobalIDString = 4B24C1E02946411E00A6A06C;
			remoteInfo = 5.1H0meW0rk;
		};
		4B24C2022946411F00A6A06C /* PBXContainerItemProxy */ = {
			isa = PBXContainerItemProxy;
			containerPortal = 4B24C1D92946411E00A6A06C /* Project object */;
			proxyType = 1;
			remoteGlobalIDString = 4B24C1E02946411E00A6A06C;
			remoteInfo = 5.1H0meW0rk;
		};
/* End PBXContainerItemProxy section */

/* Begin PBXFileReference section */
		4B24C1E12946411E00A6A06C /* 5.1H0meW0rk.app */ = {isa = PBXFileReference; explicitFileType = wrapper.application; includeInIndex = 0; path = 5.1H0meW0rk.app; sourceTree = BUILT_PRODUCTS_DIR; };
		4B24C1E42946411E00A6A06C /* AppDelegate.swift */ = {isa = PBXFileReference; lastKnownFileType = sourcecode.swift; path = AppDelegate.swift; sourceTree = "<group>"; };
		4B24C1E62946411E00A6A06C /* SceneDelegate.swift */ = {isa = PBXFileReference; lastKnownFileType = sourcecode.swift; path = SceneDelegate.swift; sourceTree = "<group>"; };
		4B24C1E82946411E00A6A06C /* ViewController.swift */ = {isa = PBXFileReference; lastKnownFileType = sourcecode.swift; path = ViewController.swift; sourceTree = "<group>"; };
		4B24C1EB2946411E00A6A06C /* Base */ = {isa = PBXFileReference; lastKnownFileType = file.storyboard; name = Base; path = Base.lproj/Main.storyboard; sourceTree = "<group>"; };
		4B24C1ED2946411F00A6A06C /* Assets.xcassets */ = {isa = PBXFileReference; lastKnownFileType = folder.assetcatalog; path = Assets.xcassets; sourceTree = "<group>"; };
		4B24C1F02946411F00A6A06C /* Base */ = {isa = PBXFileReference; lastKnownFileType = file.storyboard; name = Base; path = Base.lproj/LaunchScreen.storyboard; sourceTree = "<group>"; };
		4B24C1F22946411F00A6A06C /* Info.plist */ = {isa = PBXFileReference; lastKnownFileType = text.plist.xml; path = Info.plist; sourceTree = "<group>"; };
		4B24C1F72946411F00A6A06C /* 5.1H0meW0rkTests.xctest */ = {isa = PBXFileReference; explicitFileType = wrapper.cfbundle; includeInIndex = 0; path = 5.1H0meW0rkTests.xctest; sourceTree = BUILT_PRODUCTS_DIR; };
		4B24C2012946411F00A6A06C /* 5.1H0meW0rkUITests.xctest */ = {isa = PBXFileReference; explicitFileType = wrapper.cfbundle; includeInIndex = 0; path = 5.1H0meW0rkUITests.xctest; sourceTree = BUILT_PRODUCTS_DIR; };
		4B24C214294642C400A6A06C /* ZakazTableViewCell.swift */ = {isa = PBXFileReference; lastKnownFileType = sourcecode.swift; path = ZakazTableViewCell.swift; sourceTree = "<group>"; };
		4B24C218294644FA00A6A06C /* 2828842.webp */ = {isa = PBXFileReference; lastKnownFileType = file; name = 2828842.webp; path = ../../../../Downloads/2828842.webp; sourceTree = "<group>"; };
		4B24C21A294645C600A6A06C /* ZakazModel.swift */ = {isa = PBXFileReference; lastKnownFileType = sourcecode.swift; path = ZakazModel.swift; sourceTree = "<group>"; };
/* End PBXFileReference section */

/* Begin PBXFrameworksBuildPhase section */
		4B24C1DE2946411E00A6A06C /* Frameworks */ = {
			isa = PBXFrameworksBuildPhase;
			buildActionMask = 2147483647;
			files = (
			);
			runOnlyForDeploymentPostprocessing = 0;
		};
		4B24C1F42946411F00A6A06C /* Frameworks */ = {
			isa = PBXFrameworksBuildPhase;
			buildActionMask = 2147483647;
			files = (
			);
			runOnlyForDeploymentPostprocessing = 0;
		};
		4B24C1FE2946411F00A6A06C /* Frameworks */ = {
			isa = PBXFrameworksBuildPhase;
			buildActionMask = 2147483647;
			files = (
			);
			runOnlyForDeploymentPostprocessing = 0;
		};
/* End PBXFrameworksBuildPhase section */

/* Begin PBXGroup section */
		4B24C1D82946411E00A6A06C = {
			isa = PBXGroup;
			children = (
				4B24C218294644FA00A6A06C /* 2828842.webp */,
				4B24C1E32946411E00A6A06C /* 5.1H0meW0rk */,
				4B24C1E22946411E00A6A06C /* Products */,
			);
			sourceTree = "<group>";
		};
		4B24C1E22946411E00A6A06C /* Products */ = {
			isa = PBXGroup;
			children = (
				4B24C1E12946411E00A6A06C /* 5.1H0meW0rk.app */,
				4B24C1F72946411F00A6A06C /* 5.1H0meW0rkTests.xctest */,
				4B24C2012946411F00A6A06C /* 5.1H0meW0rkUITests.xctest */,
			);
			name = Products;
			sourceTree = "<group>";
		};
		4B24C1E32946411E00A6A06C /* 5.1H0meW0rk */ = {
			isa = PBXGroup;
			children = (
				4B24C1E42946411E00A6A06C /* AppDelegate.swift */,
				4B24C1E62946411E00A6A06C /* SceneDelegate.swift */,
				4B24C214294642C400A6A06C /* ZakazTableViewCell.swift */,
				4B24C1E82946411E00A6A06C /* ViewController.swift */,
				4B24C21A294645C600A6A06C /* ZakazModel.swift */,
				4B24C1EA2946411E00A6A06C /* Main.storyboard */,
				4B24C1ED2946411F00A6A06C /* Assets.xcassets */,
				4B24C1EF2946411F00A6A06C /* LaunchScreen.storyboard */,
				4B24C1F22946411F00A6A06C /* Info.plist */,
			);
			path = 5.1H0meW0rk;
			sourceTree = "<group>";
		};
/* End PBXGroup section */

/* Begin PBXNativeTarget section */
		4B24C1E02946411E00A6A06C /* 5.1H0meW0rk */ = {
			isa = PBXNativeTarget;
			buildConfigurationList = 4B24C20B2946411F00A6A06C /* Build configuration list for PBXNativeTarget "5.1H0meW0rk" */;
			buildPhases = (
				4B24C1DD2946411E00A6A06C /* Sources */,
				4B24C1DE2946411E00A6A06C /* Frameworks */,
				4B24C1DF2946411E00A6A06C /* Resources */,
			);
			buildRules = (
			);
			dependencies = (
			);
			name = 5.1H0meW0rk;
			productName = 5.1H0meW0rk;
			productReference = 4B24C1E12946411E00A6A06C /* 5.1H0meW0rk.app */;
			productType = "com.apple.product-type.application";
		};
		4B24C1F62946411F00A6A06C /* 5.1H0meW0rkTests */ = {
			isa = PBXNativeTarget;
			buildConfigurationList = 4B24C20E2946411F00A6A06C /* Build configuration list for PBXNativeTarget "5.1H0meW0rkTests" */;
			buildPhases = (
				4B24C1F32946411F00A6A06C /* Sources */,
				4B24C1F42946411F00A6A06C /* Frameworks */,
				4B24C1F52946411F00A6A06C /* Resources */,
			);
			buildRules = (
			);
			dependencies = (
				4B24C1F92946411F00A6A06C /* PBXTargetDependency */,
			);
			name = 5.1H0meW0rkTests;
			productName = 5.1H0meW0rkTests;
			productReference = 4B24C1F72946411F00A6A06C /* 5.1H0meW0rkTests.xctest */;
			productType = "com.apple.product-type.bundle.unit-test";
		};
		4B24C2002946411F00A6A06C /* 5.1H0meW0rkUITests */ = {
			isa = PBXNativeTarget;
			buildConfigurationList = 4B24C2112946411F00A6A06C /* Build configuration list for PBXNativeTarget "5.1H0meW0rkUITests" */;
			buildPhases = (
				4B24C1FD2946411F00A6A06C /* Sources */,
				4B24C1FE2946411F00A6A06C /* Frameworks */,
				4B24C1FF2946411F00A6A06C /* Resources */,
			);
			buildRules = (
			);
			dependencies = (
				4B24C2032946411F00A6A06C /* PBXTargetDependency */,
			);
			name = 5.1H0meW0rkUITests;
			productName = 5.1H0meW0rkUITests;
			productReference = 4B24C2012946411F00A6A06C /* 5.1H0meW0rkUITests.xctest */;
			productType = "com.apple.product-type.bundle.ui-testing";
		};
/* End PBXNativeTarget section */

/* Begin PBXProject section */
		4B24C1D92946411E00A6A06C /* Project object */ = {
			isa = PBXProject;
			attributes = {
				BuildIndependentTargetsInParallel = 1;
				LastSwiftUpdateCheck = 1410;
				LastUpgradeCheck = 1410;
				TargetAttributes = {
					4B24C1E02946411E00A6A06C = {
						CreatedOnToolsVersion = 14.1;
					};
					4B24C1F62946411F00A6A06C = {
						CreatedOnToolsVersion = 14.1;
						TestTargetID = 4B24C1E02946411E00A6A06C;
					};
					4B24C2002946411F00A6A06C = {
						CreatedOnToolsVersion = 14.1;
						TestTargetID = 4B24C1E02946411E00A6A06C;
					};
				};
			};
			buildConfigurationList = 4B24C1DC2946411E00A6A06C /* Build configuration list for PBXProject "5.1H0meW0rk" */;
			compatibilityVersion = "Xcode 14.0";
			developmentRegion = en;
			hasScannedForEncodings = 0;
			knownRegions = (
				en,
				Base,
			);
			mainGroup = 4B24C1D82946411E00A6A06C;
			productRefGroup = 4B24C1E22946411E00A6A06C /* Products */;
			projectDirPath = "";
			projectRoot = "";
			targets = (
				4B24C1E02946411E00A6A06C /* 5.1H0meW0rk */,
				4B24C1F62946411F00A6A06C /* 5.1H0meW0rkTests */,
				4B24C2002946411F00A6A06C /* 5.1H0meW0rkUITests */,
			);
		};
/* End PBXProject section */

/* Begin PBXResourcesBuildPhase section */
		4B24C1DF2946411E00A6A06C /* Resources */ = {
			isa = PBXResourcesBuildPhase;
			buildActionMask = 2147483647;
			files = (
				4B24C1F12946411F00A6A06C /* LaunchScreen.storyboard in Resources */,
				4B24C1EE2946411F00A6A06C /* Assets.xcassets in Resources */,
				4B24C1EC2946411E00A6A06C /* Main.storyboard in Resources */,
				4B24C219294644FB00A6A06C /* 2828842.webp in Resources */,
			);
			runOnlyForDeploymentPostprocessing = 0;
		};
		4B24C1F52946411F00A6A06C /* Resources */ = {
			isa = PBXResourcesBuildPhase;
			buildActionMask = 2147483647;
			files = (
			);
			runOnlyForDeploymentPostprocessing = 0;
		};
		4B24C1FF2946411F00A6A06C /* Resources */ = {
			isa = PBXResourcesBuildPhase;
			buildActionMask = 2147483647;
			files = (
			);
			runOnlyForDeploymentPostprocessing = 0;
		};
/* End PBXResourcesBuildPhase section */

/* Begin PBXSourcesBuildPhase section */
		4B24C1DD2946411E00A6A06C /* Sources */ = {
			isa = PBXSourcesBuildPhase;
			buildActionMask = 2147483647;
			files = (
				4B24C1E92946411E00A6A06C /* ViewController.swift in Sources */,
				4B24C1E52946411E00A6A06C /* AppDelegate.swift in Sources */,
				4B24C1E72946411E00A6A06C /* SceneDelegate.swift in Sources */,
				4B24C215294642C400A6A06C /* ZakazTableViewCell.swift in Sources */,
				4B24C21B294645C600A6A06C /* ZakazModel.swift in Sources */,
			);
			runOnlyForDeploymentPostprocessing = 0;
		};
		4B24C1F32946411F00A6A06C /* Sources */ = {
			isa = PBXSourcesBuildPhase;
			buildActionMask = 2147483647;
			files = (
			);
			runOnlyForDeploymentPostprocessing = 0;
		};
		4B24C1FD2946411F00A6A06C /* Sources */ = {
			isa = PBXSourcesBuildPhase;
			buildActionMask = 2147483647;
			files = (
			);
			runOnlyForDeploymentPostprocessing = 0;
		};
/* End PBXSourcesBuildPhase section */

/* Begin PBXTargetDependency section */
		4B24C1F92946411F00A6A06C /* PBXTargetDependency */ = {
			isa = PBXTargetDependency;
			target = 4B24C1E02946411E00A6A06C /* 5.1H0meW0rk */;
			targetProxy = 4B24C1F82946411F00A6A06C /* PBXContainerItemProxy */;
		};
		4B24C2032946411F00A6A06C /* PBXTargetDependency */ = {
			isa = PBXTargetDependency;
			target = 4B24C1E02946411E00A6A06C /* 5.1H0meW0rk */;
			targetProxy = 4B24C2022946411F00A6A06C /* PBXContainerItemProxy */;
		};
/* End PBXTargetDependency section */

/* Begin PBXVariantGroup section */
		4B24C1EA2946411E00A6A06C /* Main.storyboard */ = {
			isa = PBXVariantGroup;
			children = (
				4B24C1EB2946411E00A6A06C /* Base */,
			);
			name = Main.storyboard;
			sourceTree = "<group>";
		};
		4B24C1EF2946411F00A6A06C /* LaunchScreen.storyboard */ = {
			isa = PBXVariantGroup;
			children = (
				4B24C1F02946411F00A6A06C /* Base */,
			);
			name = LaunchScreen.storyboard;
			sourceTree = "<group>";
		};
/* End PBXVariantGroup section */

/* Begin XCBuildConfiguration section */
		4B24C2092946411F00A6A06C /* Debug */ = {
			isa = XCBuildConfiguration;
			buildSettings = {
				ALWAYS_SEARCH_USER_PATHS = NO;
				CLANG_ANALYZER_NONNULL = YES;
				CLANG_ANALYZER_NUMBER_OBJECT_CONVERSION = YES_AGGRESSIVE;
				CLANG_CXX_LANGUAGE_STANDARD = "gnu++20";
				CLANG_ENABLE_MODULES = YES;
				CLANG_ENABLE_OBJC_ARC = YES;
				CLANG_ENABLE_OBJC_WEAK = YES;
				CLANG_WARN_BLOCK_CAPTURE_AUTORELEASING = YES;
				CLANG_WARN_BOOL_CONVERSION = YES;
				CLANG_WARN_COMMA = YES;
				CLANG_WARN_CONSTANT_CONVERSION = YES;
				CLANG_WARN_DEPRECATED_OBJC_IMPLEMENTATIONS = YES;
				CLANG_WARN_DIRECT_OBJC_ISA_USAGE = YES_ERROR;
				CLANG_WARN_DOCUMENTATION_COMMENTS = YES;
				CLANG_WARN_EMPTY_BODY = YES;
				CLANG_WARN_ENUM_CONVERSION = YES;
				CLANG_WARN_INFINITE_RECURSION = YES;
				CLANG_WARN_INT_CONVERSION = YES;
				CLANG_WARN_NON_LITERAL_NULL_CONVERSION = YES;
				CLANG_WARN_OBJC_IMPLICIT_RETAIN_SELF = YES;
				CLANG_WARN_OBJC_LITERAL_CONVERSION = YES;
				CLANG_WARN_OBJC_ROOT_CLASS = YES_ERROR;
				CLANG_WARN_QUOTED_INCLUDE_IN_FRAMEWORK_HEADER = YES;
				CLANG_WARN_RANGE_LOOP_ANALYSIS = YES;
				CLANG_WARN_STRICT_PROTOTYPES = YES;
				CLANG_WARN_SUSPICIOUS_MOVE = YES;
				CLANG_WARN_UNGUARDED_AVAILABILITY = YES_AGGRESSIVE;
				CLANG_WARN_UNREACHABLE_CODE = YES;
				CLANG_WARN__DUPLICATE_METHOD_MATCH = YES;
				COPY_PHASE_STRIP = NO;
				DEBUG_INFORMATION_FORMAT = dwarf;
				ENABLE_STRICT_OBJC_MSGSEND = YES;
				ENABLE_TESTABILITY = YES;
				GCC_C_LANGUAGE_STANDARD = gnu11;
				GCC_DYNAMIC_NO_PIC = NO;
				GCC_NO_COMMON_BLOCKS = YES;
				GCC_OPTIMIZATION_LEVEL = 0;
				GCC_PREPROCESSOR_DEFINITIONS = (
					"DEBUG=1",
					"$(inherited)",
				);
				GCC_WARN_64_TO_32_BIT_CONVERSION = YES;
				GCC_WARN_ABOUT_RETURN_TYPE = YES_ERROR;
				GCC_WARN_UNDECLARED_SELECTOR = YES;
				GCC_WARN_UNINITIALIZED_AUTOS = YES_AGGRESSIVE;
				GCC_WARN_UNUSED_FUNCTION = YES;
				GCC_WARN_UNUSED_VARIABLE = YES;
				IPHONEOS_DEPLOYMENT_TARGET = 16.1;
				MTL_ENABLE_DEBUG_INFO = INCLUDE_SOURCE;
				MTL_FAST_MATH = YES;
				ONLY_ACTIVE_ARCH = YES;
				SDKROOT = iphoneos;
				SWIFT_ACTIVE_COMPILATION_CONDITIONS = DEBUG;
				SWIFT_OPTIMIZATION_LEVEL = "-Onone";
			};
			name = Debug;
		};
		4B24C20A2946411F00A6A06C /* Release */ = {
			isa = XCBuildConfiguration;
			buildSettings = {
				ALWAYS_SEARCH_USER_PATHS = NO;
				CLANG_ANALYZER_NONNULL = YES;
				CLANG_ANALYZER_NUMBER_OBJECT_CONVERSION = YES_AGGRESSIVE;
				CLANG_CXX_LANGUAGE_STANDARD = "gnu++20";
				CLANG_ENABLE_MODULES = YES;
				CLANG_ENABLE_OBJC_ARC = YES;
				CLANG_ENABLE_OBJC_WEAK = YES;
				CLANG_WARN_BLOCK_CAPTURE_AUTORELEASING = YES;
				CLANG_WARN_BOOL_CONVERSION = YES;
				CLANG_WARN_COMMA = YES;
				CLANG_WARN_CONSTANT_CONVERSION = YES;
				CLANG_WARN_DEPRECATED_OBJC_IMPLEMENTATIONS = YES;
				CLANG_WARN_DIRECT_OBJC_ISA_USAGE = YES_ERROR;
				CLANG_WARN_DOCUMENTATION_COMMENTS = YES;
				CLANG_WARN_EMPTY_BODY = YES;
				CLANG_WARN_ENUM_CONVERSION = YES;
				CLANG_WARN_INFINITE_RECURSION = YES;
				CLANG_WARN_INT_CONVERSION = YES;
				CLANG_WARN_NON_LITERAL_NULL_CONVERSION = YES;
				CLANG_WARN_OBJC_IMPLICIT_RETAIN_SELF = YES;
				CLANG_WARN_OBJC_LITERAL_CONVERSION = YES;
				CLANG_WARN_OBJC_ROOT_CLASS = YES_ERROR;
				CLANG_WARN_QUOTED_INCLUDE_IN_FRAMEWORK_HEADER = YES;
				CLANG_WARN_RANGE_LOOP_ANALYSIS = YES;
				CLANG_WARN_STRICT_PROTOTYPES = YES;
				CLANG_WARN_SUSPICIOUS_MOVE = YES;
				CLANG_WARN_UNGUARDED_AVAILABILITY = YES_AGGRESSIVE;
				CLANG_WARN_UNREACHABLE_CODE = YES;
				CLANG_WARN__DUPLICATE_METHOD_MATCH = YES;
				COPY_PHASE_STRIP = NO;
				DEBUG_INFORMATION_FORMAT = "dwarf-with-dsym";
				ENABLE_NS_ASSERTIONS = NO;
				ENABLE_STRICT_OBJC_MSGSEND = YES;
				GCC_C_LANGUAGE_STANDARD = gnu11;
				GCC_NO_COMMON_BLOCKS = YES;
				GCC_WARN_64_TO_32_BIT_CONVERSION = YES;
				GCC_WARN_ABOUT_RETURN_TYPE = YES_ERROR;
				GCC_WARN_UNDECLARED_SELECTOR = YES;
				GCC_WARN_UNINITIALIZED_AUTOS = YES_AGGRESSIVE;
				GCC_WARN_UNUSED_FUNCTION = YES;
				GCC_WARN_UNUSED_VARIABLE = YES;
				IPHONEOS_DEPLOYMENT_TARGET = 16.1;
				MTL_ENABLE_DEBUG_INFO = NO;
				MTL_FAST_MATH = YES;
				SDKROOT = iphoneos;
				SWIFT_COMPILATION_MODE = wholemodule;
				SWIFT_OPTIMIZATION_LEVEL = "-O";
				VALIDATE_PRODUCT = YES;
			};
			name = Release;
		};
		4B24C20C2946411F00A6A06C /* Debug */ = {
			isa = XCBuildConfiguration;
			buildSettings = {
				ASSETCATALOG_COMPILER_APPICON_NAME = AppIcon;
				ASSETCATALOG_COMPILER_GLOBAL_ACCENT_COLOR_NAME = AccentColor;
				CODE_SIGN_STYLE = Automatic;
				CURRENT_PROJECT_VERSION = 1;
				DEVELOPMENT_TEAM = 76WGMLJW24;
				GENERATE_INFOPLIST_FILE = YES;
				INFOPLIST_FILE = 5.1H0meW0rk/Info.plist;
				INFOPLIST_KEY_UIApplicationSupportsIndirectInputEvents = YES;
				INFOPLIST_KEY_UILaunchStoryboardName = LaunchScreen;
				INFOPLIST_KEY_UIMainStoryboardFile = Main;
				INFOPLIST_KEY_UISupportedInterfaceOrientations_iPad = "UIInterfaceOrientationPortrait UIInterfaceOrientationPortraitUpsideDown UIInterfaceOrientationLandscapeLeft UIInterfaceOrientationLandscapeRight";
				INFOPLIST_KEY_UISupportedInterfaceOrientations_iPhone = "UIInterfaceOrientationPortrait UIInterfaceOrientationLandscapeLeft UIInterfaceOrientationLandscapeRight";
				LD_RUNPATH_SEARCH_PATHS = (
					"$(inherited)",
					"@executable_path/Frameworks",
				);
				MARKETING_VERSION = 1.0;
				PRODUCT_BUNDLE_IDENTIFIER = "macos-swift.--1H0meW0rk";
				PRODUCT_NAME = "$(TARGET_NAME)";
				SWIFT_EMIT_LOC_STRINGS = YES;
				SWIFT_VERSION = 5.0;
				TARGETED_DEVICE_FAMILY = "1,2";
			};
			name = Debug;
		};
		4B24C20D2946411F00A6A06C /* Release */ = {
			isa = XCBuildConfiguration;
			buildSettings = {
				ASSETCATALOG_COMPILER_APPICON_NAME = AppIcon;
				ASSETCATALOG_COMPILER_GLOBAL_ACCENT_COLOR_NAME = AccentColor;
				CODE_SIGN_STYLE = Automatic;
				CURRENT_PROJECT_VERSION = 1;
				DEVELOPMENT_TEAM = 76WGMLJW24;
				GENERATE_INFOPLIST_FILE = YES;
				INFOPLIST_FILE = 5.1H0meW0rk/Info.plist;
				INFOPLIST_KEY_UIApplicationSupportsIndirectInputEvents = YES;
				INFOPLIST_KEY_UILaunchStoryboardName = LaunchScreen;
				INFOPLIST_KEY_UIMainStoryboardFile = Main;
				INFOPLIST_KEY_UISupportedInterfaceOrientations_iPad = "UIInterfaceOrientationPortrait UIInterfaceOrientationPortraitUpsideDown UIInterfaceOrientationLandscapeLeft UIInterfaceOrientationLandscapeRight";
				INFOPLIST_KEY_UISupportedInterfaceOrientations_iPhone = "UIInterfaceOrientationPortrait UIInterfaceOrientationLandscapeLeft UIInterfaceOrientationLandscapeRight";
				LD_RUNPATH_SEARCH_PATHS = (
					"$(inherited)",
					"@executable_path/Frameworks",
				);
				MARKETING_VERSION = 1.0;
				PRODUCT_BUNDLE_IDENTIFIER = "macos-swift.--1H0meW0rk";
				PRODUCT_NAME = "$(TARGET_NAME)";
				SWIFT_EMIT_LOC_STRINGS = YES;
				SWIFT_VERSION = 5.0;
				TARGETED_DEVICE_FAMILY = "1,2";
			};
			name = Release;
		};
		4B24C20F2946411F00A6A06C /* Debug */ = {
			isa = XCBuildConfiguration;
			buildSettings = {
				ALWAYS_EMBED_SWIFT_STANDARD_LIBRARIES = YES;
				BUNDLE_LOADER = "$(TEST_HOST)";
				CODE_SIGN_STYLE = Automatic;
				CURRENT_PROJECT_VERSION = 1;
				DEVELOPMENT_TEAM = 76WGMLJW24;
				GENERATE_INFOPLIST_FILE = YES;
				IPHONEOS_DEPLOYMENT_TARGET = 16.1;
				MARKETING_VERSION = 1.0;
				PRODUCT_BUNDLE_IDENTIFIER = "macos-swift.--1H0meW0rkTests";
				PRODUCT_NAME = "$(TARGET_NAME)";
				SWIFT_EMIT_LOC_STRINGS = NO;
				SWIFT_VERSION = 5.0;
				TARGETED_DEVICE_FAMILY = "1,2";
				TEST_HOST = "$(BUILT_PRODUCTS_DIR)/5.1H0meW0rk.app/$(BUNDLE_EXECUTABLE_FOLDER_PATH)/5.1H0meW0rk";
			};
			name = Debug;
		};
		4B24C2102946411F00A6A06C /* Release */ = {
			isa = XCBuildConfiguration;
			buildSettings = {
				ALWAYS_EMBED_SWIFT_STANDARD_LIBRARIES = YES;
				BUNDLE_LOADER = "$(TEST_HOST)";
				CODE_SIGN_STYLE = Automatic;
				CURRENT_PROJECT_VERSION = 1;
				DEVELOPMENT_TEAM = 76WGMLJW24;
				GENERATE_INFOPLIST_FILE = YES;
				IPHONEOS_DEPLOYMENT_TARGET = 16.1;
				MARKETING_VERSION = 1.0;
				PRODUCT_BUNDLE_IDENTIFIER = "macos-swift.--1H0meW0rkTests";
				PRODUCT_NAME = "$(TARGET_NAME)";
				SWIFT_EMIT_LOC_STRINGS = NO;
				SWIFT_VERSION = 5.0;
				TARGETED_DEVICE_FAMILY = "1,2";
				TEST_HOST = "$(BUILT_PRODUCTS_DIR)/5.1H0meW0rk.app/$(BUNDLE_EXECUTABLE_FOLDER_PATH)/5.1H0meW0rk";
			};
			name = Release;
		};
		4B24C2122946411F00A6A06C /* Debug */ = {
			isa = XCBuildConfiguration;
			buildSettings = {
				ALWAYS_EMBED_SWIFT_STANDARD_LIBRARIES = YES;
				CODE_SIGN_STYLE = Automatic;
				CURRENT_PROJECT_VERSION = 1;
				DEVELOPMENT_TEAM = 76WGMLJW24;
				GENERATE_INFOPLIST_FILE = YES;
				MARKETING_VERSION = 1.0;
				PRODUCT_BUNDLE_IDENTIFIER = "macos-swift.--1H0meW0rkUITests";
				PRODUCT_NAME = "$(TARGET_NAME)";
				SWIFT_EMIT_LOC_STRINGS = NO;
				SWIFT_VERSION = 5.0;
				TARGETED_DEVICE_FAMILY = "1,2";
				TEST_TARGET_NAME = 5.1H0meW0rk;
			};
			name = Debug;
		};
		4B24C2132946411F00A6A06C /* Release */ = {
			isa = XCBuildConfiguration;
			buildSettings = {
				ALWAYS_EMBED_SWIFT_STANDARD_LIBRARIES = YES;
				CODE_SIGN_STYLE = Automatic;
				CURRENT_PROJECT_VERSION = 1;
				DEVELOPMENT_TEAM = 76WGMLJW24;
				GENERATE_INFOPLIST_FILE = YES;
				MARKETING_VERSION = 1.0;
				PRODUCT_BUNDLE_IDENTIFIER = "macos-swift.--1H0meW0rkUITests";
				PRODUCT_NAME = "$(TARGET_NAME)";
				SWIFT_EMIT_LOC_STRINGS = NO;
				SWIFT_VERSION = 5.0;
				TARGETED_DEVICE_FAMILY = "1,2";
				TEST_TARGET_NAME = 5.1H0meW0rk;
			};
			name = Release;
		};
/* End XCBuildConfiguration section */

/* Begin XCConfigurationList section */
		4B24C1DC2946411E00A6A06C /* Build configuration list for PBXProject "5.1H0meW0rk" */ = {
			isa = XCConfigurationList;
			buildConfigurations = (
				4B24C2092946411F00A6A06C /* Debug */,
				4B24C20A2946411F00A6A06C /* Release */,
			);
			defaultConfigurationIsVisible = 0;
			defaultConfigurationName = Release;
		};
		4B24C20B2946411F00A6A06C /* Build configuration list for PBXNativeTarget "5.1H0meW0rk" */ = {
			isa = XCConfigurationList;
			buildConfigurations = (
				4B24C20C2946411F00A6A06C /* Debug */,
				4B24C20D2946411F00A6A06C /* Release */,
			);
			defaultConfigurationIsVisible = 0;
			defaultConfigurationName = Release;
		};
		4B24C20E2946411F00A6A06C /* Build configuration list for PBXNativeTarget "5.1H0meW0rkTests" */ = {
			isa = XCConfigurationList;
			buildConfigurations = (
				4B24C20F2946411F00A6A06C /* Debug */,
				4B24C2102946411F00A6A06C /* Release */,
			);
			defaultConfigurationIsVisible = 0;
			defaultConfigurationName = Release;
		};
		4B24C2112946411F00A6A06C /* Build configuration list for PBXNativeTarget "5.1H0meW0rkUITests" */ = {
			isa = XCConfigurationList;
			buildConfigurations = (
				4B24C2122946411F00A6A06C /* Debug */,
				4B24C2132946411F00A6A06C /* Release */,
			);
			defaultConfigurationIsVisible = 0;
			defaultConfigurationName = Release;
		};
/* End XCConfigurationList section */
	};
	rootObject = 4B24C1D92946411E00A6A06C /* Project object */;
}
